
Microsoft Visual Studio Solution File, Format Version 12.00
# Visual Studio Version 16
VisualStudioVersion = 16.0.30413.136
MinimumVisualStudioVersion = 10.0.40219.1
Project("{FAE04EC0-301F-11D3-BF4B-00C04F79EFBC}") = "WebApiNew", "WebApiNew.csproj", "{32AA1AF4-5D44-4831-822D-CE80B2263B19}"
EndProject
Global
	GlobalSection(SolutionConfigurationPlatforms) = preSolution
		Debug|Any CPU = Debug|Any CPU
		Release|Any CPU = Release|Any CPU
	EndGlobalSection
	GlobalSection(ProjectConfigurationPlatforms) = postSolution
		{32AA1AF4-5D44-4831-822D-CE80B2263B19}.Debug|Any CPU.ActiveCfg = Debug|Any CPU
		{32AA1AF4-5D44-4831-822D-CE80B2263B19}.Debug|Any CPU.Build.0 = Debug|Any CPU
		{32AA1AF4-5D44-4831-822D-CE80B2263B19}.Release|Any CPU.ActiveCfg = Release|Any CPU
		{32AA1AF4-5D44-4831-822D-CE80B2263B19}.Release|Any CPU.Build.0 = Release|Any CPU
	EndGlobalSection
	GlobalSection(SolutionProperties) = preSolution
		HideSolutionNode = FALSE
	EndGlobalSection
	GlobalSection(ExtensibilityGlobals) = postSolution
		SolutionGuid = {30F14564-9E00-48DB-9C98-726EE475C20D}
	EndGlobalSection
EndGlobal
